
{
  "name": "@philnash/asst",
  "version": "0.0.1",
  "lockfileVersion": 2,
  "requires": true,
  "packages": {
    "": {
      "name": "@philnash/asst",
      "version": "0.0.1",
      "license": "MIT",
      "dependencies": {
        "openai": "^3.2.1"
      },
      "devDependencies": {
        "@types/node": "^18.14.6",
        "node-env-run": "^4.0.2"
      }
    },
    "node_modules/@types/common-tags": {
      "version": "1.8.1",
      "resolved": "https://registry.npmjs.org/@types/common-tags/-/common-tags-1.8.1.tgz",
      "integrity": "sha512-20R/mDpKSPWdJs5TOpz3e7zqbeCNuMCPhV7Yndk9KU2Rbij2r5W4RzwDPkzC+2lzUqXYu9rFzTktCBnDjHuNQg==",
      "dev": true
    },
    "node_modules/@types/debug": {
      "version": "4.1.7",
      "resolved": "https://registry.npmjs.org/@types/debug/-/debug-4.1.7.tgz",
      "integrity": "sha512-9AonUzyTjXXhEOa0DnqpzZi6VHlqKMswga9EXjpXnnqxwLtdvPPtlO8evrI5D9S6asFRCQ6v+wpiUKbw+vKqyg==",
      "dev": true,
      "dependencies": {
        "@types/ms": "*"
      }
    },