
{
  "name": "@philnash/asst",
  "version": "0.0.1",
  "lockfileVersion": 2,
  "requires": true,
  "packages": {
    "": {
      "name": "@philnash/asst",
      "version": "0.0.1",
      "license": "MIT",
      "dependencies": {
        "openai": "^3.2.1"
      },
      "devDependencies": {
        "@types/node": "^18.14.6",
        "node-env-run": "^4.0.2"
      }
    },
    "node_modules/@types/common-tags": {